
Microsoft Visual Studio Solution File, Format Version 12.00
# Visual Studio 15
VisualStudioVersion = 15.0.28124.53
MinimumVisualStudioVersion = 10.0.40219.1
Project("{9A19103F-16F7-4668-BE54-9A1E7A4F7556}") = "DDDOct18Nullables", "DDDOct18Csharp8\DDDOct18Nullables.csproj", "{EE75E3F5-A9A8-414E-96F6-48925CB06B6F}"
EndProject
Project("{9A19103F-16F7-4668-BE54-9A1E7A4F7556}") = "ContactTests", "ContactTests\ContactTests.csproj", "{8C377D60-DA8D-4D62-A213-36B85C17755A}"
EndProject
Project("{9A19103F-16F7-4668-BE54-9A1E7A4F7556}") = "DDDOct18Patterns", "DDDOct18Patterns\DDDOct18Patterns.csproj", "{BE7FB34B-768A-42C7-858A-FB293171CECD}"
EndProject
Project("{FAE04EC0-301F-11D3-BF4B-00C04F79EFBC}") = "DDDOct18.Library", "DDDOct18.Library\DDDOct18.Library.csproj", "{BAD5663B-922B-4D79-ADC2-56B473453704}"
EndProject
Project("{FAE04EC0-301F-11D3-BF4B-00C04F79EFBC}") = "DDDOct18Ranges", "DDDOct18Ranges\DDDOct18Ranges.csproj", "{16100636-525A-433A-9982-82777D270A34}"
EndProject
Project("{FAE04EC0-301F-11D3-BF4B-00C04F79EFBC}") = "DDDOct18AsyncStreams", "DDDOct18AsyncStreams\DDDOct18AsyncStreams.csproj", "{FFD1CBFA-34CE-4679-A45B-5CFB65AB77F1}"
EndProject
Project("{2150E333-8FDC-42A3-9474-1A3956D46DE8}") = "01 - Nullables", "01 - Nullables", "{D36B9296-52DB-48DF-AB46-7AD1C3F04444}"
EndProject
Project("{2150E333-8FDC-42A3-9474-1A3956D46DE8}") = "99 - Common", "99 - Common", "{CFB574E1-CF3D-4974-9142-5A9B430EB96A}"
EndProject
Project("{2150E333-8FDC-42A3-9474-1A3956D46DE8}") = "02 - Patterns", "02 - Patterns", "{72A87447-5AD9-41F8-BA2F-8E6461DDDBAE}"
EndProject
Project("{2150E333-8FDC-42A3-9474-1A3956D46DE8}") = "03 - Ranges", "03 - Ranges", "{899C67A3-1AFE-49F0-B471-D5C6143485FA}"
EndProject
Project("{2150E333-8FDC-42A3-9474-1A3956D46DE8}") = "04 - Async Streams", "04 - Async Streams", "{D01B69D9-4EF8-4EA7-B2D8-6D226B10C061}"
EndProject
Global
	GlobalSection(SolutionConfigurationPlatforms) = preSolution
		Debug|Any CPU = Debug|Any CPU
		Debug|ARM = Debug|ARM
		Debug|x64 = Debug|x64
		Debug|x86 = Debug|x86
		Release|Any CPU = Release|Any CPU
		Release|ARM = Release|ARM
		Release|x64 = Release|x64
		Release|x86 = Release|x86
	EndGlobalSection
	GlobalSection(ProjectConfigurationPlatforms) = postSolution
		{EE75E3F5-A9A8-414E-96F6-48925CB06B6F}.Debug|Any CPU.ActiveCfg = Debug|Any CPU
		{EE75E3F5-A9A8-414E-96F6-48925CB06B6F}.Debug|Any CPU.Build.0 = Debug|Any CPU
		{EE75E3F5-A9A8-414E-96F6-48925CB06B6F}.Debug|ARM.ActiveCfg = Debug|Any CPU
		{EE75E3F5-A9A8-414E-96F6-48925CB06B6F}.Debug|ARM.Build.0 = Debug|Any CPU
		{EE75E3F5-A9A8-414E-96F6-48925CB06B6F}.Debug|x64.ActiveCfg = Debug|Any CPU
		{EE75E3F5-A9A8-414E-96F6-48925CB06B6F}.Debug|x64.Build.0 = Debug|Any CPU
		{EE75E3F5-A9A8-414E-96F6-48925CB06B6F}.Debug|x86.ActiveCfg = Debug|Any CPU
		{EE75E3F5-A9A8-414E-96F6-48925CB06B6F}.Debug|x86.Build.0 = Debug|Any CPU
		{EE75E3F5-A9A8-414E-96F6-48925CB06B6F}.Release|Any CPU.ActiveCfg = Release|Any CPU
		{EE75E3F5-A9A8-414E-96F6-48925CB06B6F}.Release|Any CPU.Build.0 = Release|Any CPU
		{EE75E3F5-A9A8-414E-96F6-48925CB06B6F}.Release|ARM.ActiveCfg = Release|Any CPU
		{EE75E3F5-A9A8-414E-96F6-48925CB06B6F}.Release|ARM.Build.0 = Release|Any CPU
		{EE75E3F5-A9A8-414E-96F6-48925CB06B6F}.Release|x64.ActiveCfg = Release|Any CPU
		{EE75E3F5-A9A8-414E-96F6-48925CB06B6F}.Release|x64.Build.0 = Release|Any CPU
		{EE75E3F5-A9A8-414E-96F6-48925CB06B6F}.Release|x86.ActiveCfg = Release|Any CPU
		{EE75E3F5-A9A8-414E-96F6-48925CB06B6F}.Release|x86.Build.0 = Release|Any CPU
		{8C377D60-DA8D-4D62-A213-36B85C17755A}.Debug|Any CPU.ActiveCfg = Debug|Any CPU
		{8C377D60-DA8D-4D62-A213-36B85C17755A}.Debug|Any CPU.Build.0 = Debug|Any CPU
		{8C377D60-DA8D-4D62-A213-36B85C17755A}.Debug|ARM.ActiveCfg = Debug|Any CPU
		{8C377D60-DA8D-4D62-A213-36B85C17755A}.Debug|ARM.Build.0 = Debug|Any CPU
		{8C377D60-DA8D-4D62-A213-36B85C17755A}.Debug|x64.ActiveCfg = Debug|Any CPU
		{8C377D60-DA8D-4D62-A213-36B85C17755A}.Debug|x64.Build.0 = Debug|Any CPU
		{8C377D60-DA8D-4D62-A213-36B85C17755A}.Debug|x86.ActiveCfg = Debug|Any CPU
		{8C377D60-DA8D-4D62-A213-36B85C17755A}.Debug|x86.Build.0 = Debug|Any CPU
		{8C377D60-DA8D-4D62-A213-36B85C17755A}.Release|Any CPU.ActiveCfg = Release|Any CPU
		{8C377D60-DA8D-4D62-A213-36B85C17755A}.Release|Any CPU.Build.0 = Release|Any CPU
		{8C377D60-DA8D-4D62-A213-36B85C17755A}.Release|ARM.ActiveCfg = Release|Any CPU
		{8C377D60-DA8D-4D62-A213-36B85C17755A}.Release|ARM.Build.0 = Release|Any CPU
		{8C377D60-DA8D-4D62-A213-36B85C17755A}.Release|x64.ActiveCfg = Release|Any CPU
		{8C377D60-DA8D-4D62-A213-36B85C17755A}.Release|x64.Build.0 = Release|Any CPU
		{8C377D60-DA8D-4D62-A213-36B85C17755A}.Release|x86.ActiveCfg = Release|Any CPU
		{8C377D60-DA8D-4D62-A213-36B85C17755A}.Release|x86.Build.0 = Release|Any CPU
		{BE7FB34B-768A-42C7-858A-FB293171CECD}.Debug|Any CPU.ActiveCfg = Debug|Any CPU
		{BE7FB34B-768A-42C7-858A-FB293171CECD}.Debug|Any CPU.Build.0 = Debug|Any CPU
		{BE7FB34B-768A-42C7-858A-FB293171CECD}.Debug|ARM.ActiveCfg = Debug|Any CPU
		{BE7FB34B-768A-42C7-858A-FB293171CECD}.Debug|ARM.Build.0 = Debug|Any CPU
		{BE7FB34B-768A-42C7-858A-FB293171CECD}.Debug|x64.ActiveCfg = Debug|Any CPU
		{BE7FB34B-768A-42C7-858A-FB293171CECD}.Debug|x64.Build.0 = Debug|Any CPU
		{BE7FB34B-768A-42C7-858A-FB293171CECD}.Debug|x86.ActiveCfg = Debug|Any CPU
		{BE7FB34B-768A-42C7-858A-FB293171CECD}.Debug|x86.Build.0 = Debug|Any CPU
		{BE7FB34B-768A-42C7-858A-FB293171CECD}.Release|Any CPU.ActiveCfg = Release|Any CPU
		{BE7FB34B-768A-42C7-858A-FB293171CECD}.Release|Any CPU.Build.0 = Release|Any CPU
		{BE7FB34B-768A-42C7-858A-FB293171CECD}.Release|ARM.ActiveCfg = Release|Any CPU
		{BE7FB34B-768A-42C7-858A-FB293171CECD}.Release|ARM.Build.0 = Release|Any CPU
		{BE7FB34B-768A-42C7-858A-FB293171CECD}.Release|x64.ActiveCfg = Release|Any CPU
		{BE7FB34B-768A-42C7-858A-FB293171CECD}.Release|x64.Build.0 = Release|Any CPU
		{BE7FB34B-768A-42C7-858A-FB293171CECD}.Release|x86.ActiveCfg = Release|Any CPU
		{BE7FB34B-768A-42C7-858A-FB293171CECD}.Release|x86.Build.0 = Release|Any CPU
		{BAD5663B-922B-4D79-ADC2-56B473453704}.Debug|Any CPU.ActiveCfg = Debug|Any CPU
		{BAD5663B-922B-4D79-ADC2-56B473453704}.Debug|Any CPU.Build.0 = Debug|Any CPU
		{BAD5663B-922B-4D79-ADC2-56B473453704}.Debug|ARM.ActiveCfg = Debug|Any CPU
		{BAD5663B-922B-4D79-ADC2-56B473453704}.Debug|ARM.Build.0 = Debug|Any CPU
		{BAD5663B-922B-4D79-ADC2-56B473453704}.Debug|x64.ActiveCfg = Debug|Any CPU
		{BAD5663B-922B-4D79-ADC2-56B473453704}.Debug|x64.Build.0 = Debug|Any CPU
		{BAD5663B-922B-4D79-ADC2-56B473453704}.Debug|x86.ActiveCfg = Debug|Any CPU
		{BAD5663B-922B-4D79-ADC2-56B473453704}.Debug|x86.Build.0 = Debug|Any CPU
		{BAD5663B-922B-4D79-ADC2-56B473453704}.Release|Any CPU.ActiveCfg = Release|Any CPU
		{BAD5663B-922B-4D79-ADC2-56B473453704}.Release|Any CPU.Build.0 = Release|Any CPU
		{BAD5663B-922B-4D79-ADC2-56B473453704}.Release|ARM.ActiveCfg = Release|Any CPU
		{BAD5663B-922B-4D79-ADC2-56B473453704}.Release|ARM.Build.0 = Release|Any CPU
		{BAD5663B-922B-4D79-ADC2-56B473453704}.Release|x64.ActiveCfg = Release|Any CPU
		{BAD5663B-922B-4D79-ADC2-56B473453704}.Release|x64.Build.0 = Release|Any CPU
		{BAD5663B-922B-4D79-ADC2-56B473453704}.Release|x86.ActiveCfg = Release|Any CPU
		{BAD5663B-922B-4D79-ADC2-56B473453704}.Release|x86.Build.0 = Release|Any CPU
		{16100636-525A-433A-9982-82777D270A34}.Debug|Any CPU.ActiveCfg = Debug|Any CPU
		{16100636-525A-433A-9982-82777D270A34}.Debug|Any CPU.Build.0 = Debug|Any CPU
		{16100636-525A-433A-9982-82777D270A34}.Debug|ARM.ActiveCfg = Debug|Any CPU
		{16100636-525A-433A-9982-82777D270A34}.Debug|ARM.Build.0 = Debug|Any CPU
		{16100636-525A-433A-9982-82777D270A34}.Debug|x64.ActiveCfg = Debug|Any CPU
		{16100636-525A-433A-9982-82777D270A34}.Debug|x64.Build.0 = Debug|Any CPU
		{16100636-525A-433A-9982-82777D270A34}.Debug|x86.ActiveCfg = Debug|Any CPU
		{16100636-525A-433A-9982-82777D270A34}.Debug|x86.Build.0 = Debug|Any CPU
		{16100636-525A-433A-9982-82777D270A34}.Release|Any CPU.ActiveCfg = Release|Any CPU
		{16100636-525A-433A-9982-82777D270A34}.Release|Any CPU.Build.0 = Release|Any CPU
		{16100636-525A-433A-9982-82777D270A34}.Release|ARM.ActiveCfg = Release|Any CPU
		{16100636-525A-433A-9982-82777D270A34}.Release|ARM.Build.0 = Release|Any CPU
		{16100636-525A-433A-9982-82777D270A34}.Release|x64.ActiveCfg = Release|Any CPU
		{16100636-525A-433A-9982-82777D270A34}.Release|x64.Build.0 = Release|Any CPU
		{16100636-525A-433A-9982-82777D270A34}.Release|x86.ActiveCfg = Release|Any CPU
		{16100636-525A-433A-9982-82777D270A34}.Release|x86.Build.0 = Release|Any CPU
		{FFD1CBFA-34CE-4679-A45B-5CFB65AB77F1}.Debug|Any CPU.ActiveCfg = Debug|Any CPU
		{FFD1CBFA-34CE-4679-A45B-5CFB65AB77F1}.Debug|Any CPU.Build.0 = Debug|Any CPU
		{FFD1CBFA-34CE-4679-A45B-5CFB65AB77F1}.Debug|ARM.ActiveCfg = Debug|Any CPU
		{FFD1CBFA-34CE-4679-A45B-5CFB65AB77F1}.Debug|ARM.Build.0 = Debug|Any CPU
		{FFD1CBFA-34CE-4679-A45B-5CFB65AB77F1}.Debug|x64.ActiveCfg = Debug|Any CPU
		{FFD1CBFA-34CE-4679-A45B-5CFB65AB77F1}.Debug|x64.Build.0 = Debug|Any CPU
		{FFD1CBFA-34CE-4679-A45B-5CFB65AB77F1}.Debug|x86.ActiveCfg = Debug|Any CPU
		{FFD1CBFA-34CE-4679-A45B-5CFB65AB77F1}.Debug|x86.Build.0 = Debug|Any CPU
		{FFD1CBFA-34CE-4679-A45B-5CFB65AB77F1}.Release|Any CPU.ActiveCfg = Release|Any CPU
		{FFD1CBFA-34CE-4679-A45B-5CFB65AB77F1}.Release|Any CPU.Build.0 = Release|Any CPU
		{FFD1CBFA-34CE-4679-A45B-5CFB65AB77F1}.Release|ARM.ActiveCfg = Release|Any CPU
		{FFD1CBFA-34CE-4679-A45B-5CFB65AB77F1}.Release|ARM.Build.0 = Release|Any CPU
		{FFD1CBFA-34CE-4679-A45B-5CFB65AB77F1}.Release|x64.ActiveCfg = Release|Any CPU
		{FFD1CBFA-34CE-4679-A45B-5CFB65AB77F1}.Release|x64.Build.0 = Release|Any CPU
		{FFD1CBFA-34CE-4679-A45B-5CFB65AB77F1}.Release|x86.ActiveCfg = Release|Any CPU
		{FFD1CBFA-34CE-4679-A45B-5CFB65AB77F1}.Release|x86.Build.0 = Release|Any CPU
	EndGlobalSection
	GlobalSection(SolutionProperties) = preSolution
		HideSolutionNode = FALSE
	EndGlobalSection
	GlobalSection(NestedProjects) = preSolution
		{EE75E3F5-A9A8-414E-96F6-48925CB06B6F} = {D36B9296-52DB-48DF-AB46-7AD1C3F04444}
		{8C377D60-DA8D-4D62-A213-36B85C17755A} = {D36B9296-52DB-48DF-AB46-7AD1C3F04444}
		{BE7FB34B-768A-42C7-858A-FB293171CECD} = {72A87447-5AD9-41F8-BA2F-8E6461DDDBAE}
		{BAD5663B-922B-4D79-ADC2-56B473453704} = {CFB574E1-CF3D-4974-9142-5A9B430EB96A}
		{16100636-525A-433A-9982-82777D270A34} = {899C67A3-1AFE-49F0-B471-D5C6143485FA}
		{FFD1CBFA-34CE-4679-A45B-5CFB65AB77F1} = {D01B69D9-4EF8-4EA7-B2D8-6D226B10C061}
	EndGlobalSection
	GlobalSection(ExtensibilityGlobals) = postSolution
		SolutionGuid = {4A8432D6-595C-4DBE-BCE1-CCFFC89FE4A4}
	EndGlobalSection
EndGlobal
